{
  "version": 4,
  "terraform_version": "1.12.2",
  "serial": 13,
  "lineage": "0c7db720-8667-2019-4cf4-935f9fa2c22d",
  "outputs": {},
  "resources": [
    {
      "mode": "managed",
      "type": "sca_policy",
      "name": "rmg-demo-az-muskernet",
      "provider": "provider[\"cyberark/sca/sca\"]",
      "instances": [
        {
          "schema_version": 0,
          "attributes": {
            "access_rules": {
              "days": [
                "monday",
                "tuesday",
                "wednesday",
                "thursday",
                "friday"
              ],
              "from_time": "09:00",
              "max_session_duration": 2,
              "time_zone": "Europe/London",
              "to_time": "21:00"
            },
            "csp": "AZURE",
            "description": "Grants access to roles for subscriptions in Azure tenant Muskernet",
            "end_date": null,
            "identities": [
              {
                "entity_class": "role",
                "entity_name": "ACME Cloud Admins",
                "entity_source_id": "id"
              }
            ],
            "job_id": "0a9b0b96-dd64-4cde-a80c-515af8d88ce1",
            "name": "RMG-Demo-Azure-Muskernet",
            "policy_id": "azure_resource_8dbc7878-6b9e-4246-8001-e0ea3fd2c1e8",
            "roles": [
              {
                "entity_id": "/subscriptions/1d1f0af3-44c7-4ee3-ab28-3f41eefa34b7/providers/Microsoft.Authorization/roleDefinitions/b24988ac-6180-42a0-ab88-20f7382dd24c",
                "entity_source_id": "subscriptions/1d1f0af3-44c7-4ee3-ab28-3f41eefa34b7",
                "organization_id": "2c6fb0b2-1423-4643-bb59-28243dbe4011",
                "workspace_type": "subscription"
              },
              {
                "entity_id": "/subscriptions/1d1f0af3-44c7-4ee3-ab28-3f41eefa34b7/providers/Microsoft.Authorization/roleDefinitions/acdd72a7-3385-48ef-bd42-f606fba81ae7",
                "entity_source_id": "subscriptions/1d1f0af3-44c7-4ee3-ab28-3f41eefa34b7",
                "organization_id": "2c6fb0b2-1423-4643-bb59-28243dbe4011",
                "workspace_type": "subscription"
              },
              {
                "entity_id": "/subscriptions/d66270fc-630f-4ade-b4d3-e2c134a1cae5/providers/Microsoft.Authorization/roleDefinitions/acdd72a7-3385-48ef-bd42-f606fba81ae7",
                "entity_source_id": "subscriptions/d66270fc-630f-4ade-b4d3-e2c134a1cae5",
                "organization_id": "2c6fb0b2-1423-4643-bb59-28243dbe4011",
                "workspace_type": "subscription"
              }
            ],
            "start_date": null
          },
          "sensitive_attributes": [],
          "identity_schema_version": 0
        }
      ]
    },
    {
      "mode": "managed",
      "type": "sca_policy",
      "name": "rmg-demo-az-muskernetO365",
      "provider": "provider[\"cyberark/sca/sca\"]",
      "instances": [
        {
          "schema_version": 0,
          "attributes": {
            "access_rules": {
              "days": [
                "monday",
                "tuesday",
                "wednesday",
                "thursday",
                "friday"
              ],
              "from_time": "09:00",
              "max_session_duration": 2,
              "time_zone": "Europe/London",
              "to_time": "21:00"
            },
            "csp": "AZURE",
            "description": "Grants access to roles for subscriptions in Azure tenant MuskernetO365",
            "end_date": null,
            "identities": [
              {
                "entity_class": "role",
                "entity_name": "ACME Cloud Admins",
                "entity_source_id": "id"
              }
            ],
            "job_id": "be870fe9-dbc4-4580-af98-136d99248039",
            "name": "RMG-Demo-Azure-MuskernetO365",
            "policy_id": "azure_resource_afef8de5-e0e7-4ca7-9bdc-8106d116e165",
            "roles": [
              {
                "entity_id": "/subscriptions/78e4f18f-7011-4870-af85-e5c33d019b63/providers/Microsoft.Authorization/roleDefinitions/b24988ac-6180-42a0-ab88-20f7382dd24c",
                "entity_source_id": "subscriptions/78e4f18f-7011-4870-af85-e5c33d019b63",
                "organization_id": "d8a8541b-d35c-4c6b-9be7-553bd08213d9",
                "workspace_type": "subscription"
              },
              {
                "entity_id": "/subscriptions/78e4f18f-7011-4870-af85-e5c33d019b63/providers/Microsoft.Authorization/roleDefinitions/acdd72a7-3385-48ef-bd42-f606fba81ae7",
                "entity_source_id": "subscriptions/78e4f18f-7011-4870-af85-e5c33d019b63",
                "organization_id": "d8a8541b-d35c-4c6b-9be7-553bd08213d9",
                "workspace_type": "subscription"
              }
            ],
            "start_date": null
          },
          "sensitive_attributes": [],
          "identity_schema_version": 0
        }
      ]
    },
    {
      "mode": "managed",
      "type": "sca_policy",
      "name": "rmg-demo-gcp-muskernetgcp001",
      "provider": "provider[\"cyberark/sca/sca\"]",
      "instances": [
        {
          "schema_version": 0,
          "attributes": {
            "access_rules": {
              "days": [
                "monday",
                "tuesday",
                "wednesday",
                "thursday",
                "friday"
              ],
              "from_time": "09:00",
              "max_session_duration": 2,
              "time_zone": "Europe/London",
              "to_time": "21:00"
            },
            "csp": "GCP",
            "description": "Grants access to roles for subscriptions in GCP Org",
            "end_date": null,
            "identities": [
              {
                "entity_class": "role",
                "entity_name": "ACME Cloud Admins",
                "entity_source_id": "id"
              }
            ],
            "job_id": "5c362452-f24e-4547-8a42-36e7be14c5b8",
            "name": "RMG-Demo-Azure-GCP",
            "policy_id": "gcp_b0745271-ed90-40f7-ae39-34a727fceac4",
            "roles": [
              {
                "entity_id": "roles/editor",
                "entity_source_id": "curious-idea-449314-v7",
                "organization_id": "836050760446",
                "workspace_type": "project"
              },
              {
                "entity_id": "roles/viewer",
                "entity_source_id": "curious-idea-449314-v7",
                "organization_id": "836050760446",
                "workspace_type": "project"
              }
            ],
            "start_date": null
          },
          "sensitive_attributes": [],
          "identity_schema_version": 0
        }
      ]
    }
  ],
  "check_results": null
}
