{
  "version": 4,
  "terraform_version": "1.12.2",
  "serial": 3,
  "lineage": "0c7db720-8667-2019-4cf4-935f9fa2c22d",
  "outputs": {},
  "resources": [
    {
      "mode": "managed",
      "type": "sca_policy",
      "name": "rmg-demo-az-muskernetO365",
      "provider": "provider[\"cyberark/sca/sca\"]",
      "instances": [
        {
          "schema_version": 0,
          "attributes": {
            "access_rules": {
              "days": [
                "monday",
                "tuesday",
                "wednesday",
                "thursday",
                "friday"
              ],
              "from_time": "09:00",
              "max_session_duration": 1,
              "time_zone": "Europe/London",
              "to_time": "19:00"
            },
            "csp": "AZURE",
            "description": "Grants access to roles for subscriptions in Azure tenant MuskernetO365",
            "end_date": null,
            "identities": [
              {
                "entity_class": "role",
                "entity_name": "ACME Cloud Admins",
                "entity_source_id": "id"
              }
            ],
            "job_id": "be870fe9-dbc4-4580-af98-136d99248039",
            "name": "RMG-Demo-Azure-MuskernetO365",
            "policy_id": "azure_resource_afef8de5-e0e7-4ca7-9bdc-8106d116e165",
            "roles": [
              {
                "entity_id": "/subscriptions/78e4f18f-7011-4870-af85-e5c33d019b63/providers/Microsoft.Authorization/roleDefinitions/b24988ac-6180-42a0-ab88-20f7382dd24c",
                "entity_source_id": "subscriptions/78e4f18f-7011-4870-af85-e5c33d019b63",
                "organization_id": "d8a8541b-d35c-4c6b-9be7-553bd08213d9",
                "workspace_type": "subscription"
              },
              {
                "entity_id": "/subscriptions/78e4f18f-7011-4870-af85-e5c33d019b63/providers/Microsoft.Authorization/roleDefinitions/acdd72a7-3385-48ef-bd42-f606fba81ae7",
                "entity_source_id": "subscriptions/78e4f18f-7011-4870-af85-e5c33d019b63",
                "organization_id": "d8a8541b-d35c-4c6b-9be7-553bd08213d9",
                "workspace_type": "subscription"
              }
            ],
            "start_date": null
          },
          "sensitive_attributes": [],
          "identity_schema_version": 0
        }
      ]
    }
  ],
  "check_results": null
}
